
Microsoft Visual Studio Solution File, Format Version 12.00
# Visual Studio Version 16
VisualStudioVersion = 25.0.1706.4
MinimumVisualStudioVersion = 10.0.40219.1
Project("{FAE04EC0-301F-11D3-BF4B-00C04F79EFBC}") = "module9", "module9\module9.csproj", "{65F64672-D5DC-45B7-BAD5-21A2CB63BE15}"
EndProject
Global
	GlobalSection(SolutionConfigurationPlatforms) = preSolution
		Debug|Any CPU = Debug|Any CPU
		Release|Any CPU = Release|Any CPU
	EndGlobalSection
	GlobalSection(ProjectConfigurationPlatforms) = postSolution
		{65F64672-D5DC-45B7-BAD5-21A2CB63BE15}.Debug|Any CPU.ActiveCfg = Debug|Any CPU
		{65F64672-D5DC-45B7-BAD5-21A2CB63BE15}.Debug|Any CPU.Build.0 = Debug|Any CPU
		{65F64672-D5DC-45B7-BAD5-21A2CB63BE15}.Release|Any CPU.ActiveCfg = Release|Any CPU
		{65F64672-D5DC-45B7-BAD5-21A2CB63BE15}.Release|Any CPU.Build.0 = Release|Any CPU
	EndGlobalSection
	GlobalSection(SolutionProperties) = preSolution
		HideSolutionNode = FALSE
	EndGlobalSection
	GlobalSection(ExtensibilityGlobals) = postSolution
		SolutionGuid = {42CCF515-5D62-4E18-BE77-E8DA90E87C9C}
	EndGlobalSection
EndGlobal
