
Microsoft Visual Studio Solution File, Format Version 12.00
# Visual Studio Version 16
VisualStudioVersion = 25.0.1706.4
MinimumVisualStudioVersion = 10.0.40219.1
Project("{FAE04EC0-301F-11D3-BF4B-00C04F79EFBC}") = "PhoneBook", "PhoneBook\PhoneBook.csproj", "{B5426516-0A71-4155-AB40-BE22D33D6FE0}"
EndProject
Project("{FAE04EC0-301F-11D3-BF4B-00C04F79EFBC}") = "programm", "programm\programm.csproj", "{72D18F5B-0AED-4903-9A7F-5BB7315E932A}"
EndProject
Global
	GlobalSection(SolutionConfigurationPlatforms) = preSolution
		Debug|Any CPU = Debug|Any CPU
		Release|Any CPU = Release|Any CPU
	EndGlobalSection
	GlobalSection(ProjectConfigurationPlatforms) = postSolution
		{B5426516-0A71-4155-AB40-BE22D33D6FE0}.Debug|Any CPU.ActiveCfg = Debug|Any CPU
		{B5426516-0A71-4155-AB40-BE22D33D6FE0}.Debug|Any CPU.Build.0 = Debug|Any CPU
		{B5426516-0A71-4155-AB40-BE22D33D6FE0}.Release|Any CPU.ActiveCfg = Release|Any CPU
		{B5426516-0A71-4155-AB40-BE22D33D6FE0}.Release|Any CPU.Build.0 = Release|Any CPU
		{72D18F5B-0AED-4903-9A7F-5BB7315E932A}.Debug|Any CPU.ActiveCfg = Debug|Any CPU
		{72D18F5B-0AED-4903-9A7F-5BB7315E932A}.Debug|Any CPU.Build.0 = Debug|Any CPU
		{72D18F5B-0AED-4903-9A7F-5BB7315E932A}.Release|Any CPU.ActiveCfg = Release|Any CPU
		{72D18F5B-0AED-4903-9A7F-5BB7315E932A}.Release|Any CPU.Build.0 = Release|Any CPU
	EndGlobalSection
	GlobalSection(SolutionProperties) = preSolution
		HideSolutionNode = FALSE
	EndGlobalSection
	GlobalSection(ExtensibilityGlobals) = postSolution
		SolutionGuid = {8D9BA1E2-B495-4E6D-BF0A-2B451B0CCCC0}
	EndGlobalSection
EndGlobal
