
Microsoft Visual Studio Solution File, Format Version 12.00
# Visual Studio Version 16
VisualStudioVersion = 25.0.1706.4
MinimumVisualStudioVersion = 10.0.40219.1
Project("{FAE04EC0-301F-11D3-BF4B-00C04F79EFBC}") = "lesson2_3", "lesson2_3\lesson2_3.csproj", "{FF74ACBE-C249-4BEA-A1EA-1EFE35077BB1}"
EndProject
Global
	GlobalSection(SolutionConfigurationPlatforms) = preSolution
		Debug|Any CPU = Debug|Any CPU
		Release|Any CPU = Release|Any CPU
	EndGlobalSection
	GlobalSection(ProjectConfigurationPlatforms) = postSolution
		{FF74ACBE-C249-4BEA-A1EA-1EFE35077BB1}.Debug|Any CPU.ActiveCfg = Debug|Any CPU
		{FF74ACBE-C249-4BEA-A1EA-1EFE35077BB1}.Debug|Any CPU.Build.0 = Debug|Any CPU
		{FF74ACBE-C249-4BEA-A1EA-1EFE35077BB1}.Release|Any CPU.ActiveCfg = Release|Any CPU
		{FF74ACBE-C249-4BEA-A1EA-1EFE35077BB1}.Release|Any CPU.Build.0 = Release|Any CPU
	EndGlobalSection
	GlobalSection(SolutionProperties) = preSolution
		HideSolutionNode = FALSE
	EndGlobalSection
	GlobalSection(ExtensibilityGlobals) = postSolution
		SolutionGuid = {F0CFCE8A-B1E1-4669-A5D6-EF310F9A6548}
	EndGlobalSection
EndGlobal
