
Microsoft Visual Studio Solution File, Format Version 12.00
# Visual Studio Version 16
VisualStudioVersion = 25.0.1706.4
MinimumVisualStudioVersion = 10.0.40219.1
Project("{FAE04EC0-301F-11D3-BF4B-00C04F79EFBC}") = "modul8", "modul8\modul8.csproj", "{15468BCE-2B9A-482B-91DF-AB96E281AC0B}"
EndProject
Global
	GlobalSection(SolutionConfigurationPlatforms) = preSolution
		Debug|Any CPU = Debug|Any CPU
		Release|Any CPU = Release|Any CPU
	EndGlobalSection
	GlobalSection(ProjectConfigurationPlatforms) = postSolution
		{15468BCE-2B9A-482B-91DF-AB96E281AC0B}.Debug|Any CPU.ActiveCfg = Debug|Any CPU
		{15468BCE-2B9A-482B-91DF-AB96E281AC0B}.Debug|Any CPU.Build.0 = Debug|Any CPU
		{15468BCE-2B9A-482B-91DF-AB96E281AC0B}.Release|Any CPU.ActiveCfg = Release|Any CPU
		{15468BCE-2B9A-482B-91DF-AB96E281AC0B}.Release|Any CPU.Build.0 = Release|Any CPU
	EndGlobalSection
	GlobalSection(SolutionProperties) = preSolution
		HideSolutionNode = FALSE
	EndGlobalSection
	GlobalSection(ExtensibilityGlobals) = postSolution
		SolutionGuid = {1A8EC054-341C-489F-9187-35D12C3E88B6}
	EndGlobalSection
EndGlobal
